
Microsoft Visual Studio Solution File, Format Version 12.00
# Visual Studio Version 16
VisualStudioVersion = 25.0.1704.4
MinimumVisualStudioVersion = 10.0.40219.1
Project("{FAE04EC0-301F-11D3-BF4B-00C04F79EFBC}") = "Semana4", "Semana4\Semana4.csproj", "{C1C183F9-D899-4679-8385-8F46601249A6}"
EndProject
Global
	GlobalSection(SolutionConfigurationPlatforms) = preSolution
		Debug|Any CPU = Debug|Any CPU
		Release|Any CPU = Release|Any CPU
	EndGlobalSection
	GlobalSection(ProjectConfigurationPlatforms) = postSolution
		{C1C183F9-D899-4679-8385-8F46601249A6}.Debug|Any CPU.ActiveCfg = Debug|Any CPU
		{C1C183F9-D899-4679-8385-8F46601249A6}.Debug|Any CPU.Build.0 = Debug|Any CPU
		{C1C183F9-D899-4679-8385-8F46601249A6}.Release|Any CPU.ActiveCfg = Release|Any CPU
		{C1C183F9-D899-4679-8385-8F46601249A6}.Release|Any CPU.Build.0 = Release|Any CPU
	EndGlobalSection
	GlobalSection(SolutionProperties) = preSolution
		HideSolutionNode = FALSE
	EndGlobalSection
	GlobalSection(ExtensibilityGlobals) = postSolution
		SolutionGuid = {38638BCE-A68C-47D1-875E-31245C0C1B2B}
	EndGlobalSection
EndGlobal
